
Microsoft Visual Studio Solution File, Format Version 12.00
# Visual Studio Version 17
VisualStudioVersion = 17.7.34031.279
MinimumVisualStudioVersion = 10.0.40219.1
Project("{FAE04EC0-301F-11D3-BF4B-00C04F79EFBC}") = "prac8", "prac8\prac8.csproj", "{4F5F3172-BC0C-4338-BD25-350C40045E70}"
EndProject
Global
	GlobalSection(SolutionConfigurationPlatforms) = preSolution
		Debug|Any CPU = Debug|Any CPU
		Release|Any CPU = Release|Any CPU
	EndGlobalSection
	GlobalSection(ProjectConfigurationPlatforms) = postSolution
		{4F5F3172-BC0C-4338-BD25-350C40045E70}.Debug|Any CPU.ActiveCfg = Debug|Any CPU
		{4F5F3172-BC0C-4338-BD25-350C40045E70}.Debug|Any CPU.Build.0 = Debug|Any CPU
		{4F5F3172-BC0C-4338-BD25-350C40045E70}.Release|Any CPU.ActiveCfg = Release|Any CPU
		{4F5F3172-BC0C-4338-BD25-350C40045E70}.Release|Any CPU.Build.0 = Release|Any CPU
	EndGlobalSection
	GlobalSection(SolutionProperties) = preSolution
		HideSolutionNode = FALSE
	EndGlobalSection
	GlobalSection(ExtensibilityGlobals) = postSolution
		SolutionGuid = {A4FD9F79-A933-4EF5-92E0-71BD2EEE1D6E}
	EndGlobalSection
EndGlobal
